
Microsoft Visual Studio Solution File, Format Version 12.00
# Visual Studio Version 16
VisualStudioVersion = 16.0.31729.503
MinimumVisualStudioVersion = 10.0.40219.1
Project("{FAE04EC0-301F-11D3-BF4B-00C04F79EFBC}") = "TabulationProject2021", "TabulationProject2021\TabulationProject2021.csproj", "{2BF3449D-DCE4-4A11-BAC3-4B7BF772173D}"
EndProject
Project("{FAE04EC0-301F-11D3-BF4B-00C04F79EFBC}") = "TabulationLibraryData", "TabulationLibraryData\TabulationLibraryData.csproj", "{AF6EDD2E-9909-4CDB-BDE3-195CA1F5D54E}"
EndProject
Global
	GlobalSection(SolutionConfigurationPlatforms) = preSolution
		Debug|Any CPU = Debug|Any CPU
		Release|Any CPU = Release|Any CPU
	EndGlobalSection
	GlobalSection(ProjectConfigurationPlatforms) = postSolution
		{2BF3449D-DCE4-4A11-BAC3-4B7BF772173D}.Debug|Any CPU.ActiveCfg = Debug|Any CPU
		{2BF3449D-DCE4-4A11-BAC3-4B7BF772173D}.Debug|Any CPU.Build.0 = Debug|Any CPU
		{2BF3449D-DCE4-4A11-BAC3-4B7BF772173D}.Release|Any CPU.ActiveCfg = Release|Any CPU
		{2BF3449D-DCE4-4A11-BAC3-4B7BF772173D}.Release|Any CPU.Build.0 = Release|Any CPU
		{AF6EDD2E-9909-4CDB-BDE3-195CA1F5D54E}.Debug|Any CPU.ActiveCfg = Debug|Any CPU
		{AF6EDD2E-9909-4CDB-BDE3-195CA1F5D54E}.Debug|Any CPU.Build.0 = Debug|Any CPU
		{AF6EDD2E-9909-4CDB-BDE3-195CA1F5D54E}.Release|Any CPU.ActiveCfg = Release|Any CPU
		{AF6EDD2E-9909-4CDB-BDE3-195CA1F5D54E}.Release|Any CPU.Build.0 = Release|Any CPU
	EndGlobalSection
	GlobalSection(SolutionProperties) = preSolution
		HideSolutionNode = FALSE
	EndGlobalSection
	GlobalSection(ExtensibilityGlobals) = postSolution
		SolutionGuid = {E6017762-6718-4F3E-AAF4-5A079617724C}
	EndGlobalSection
EndGlobal
